
Microsoft Visual Studio Solution File, Format Version 12.00
# Visual Studio Version 16
VisualStudioVersion = 16.0.32228.343
MinimumVisualStudioVersion = 10.0.40219.1
Project("{FAE04EC0-301F-11D3-BF4B-00C04F79EFBC}") = "ExampleTask07", "ExampleTask07\ExampleTask07.csproj", "{C95AF7D2-8B35-4106-B404-48FEC78B4EF3}"
EndProject
Project("{FAE04EC0-301F-11D3-BF4B-00C04F79EFBC}") = "ExceptionTask07", "ExceptionTask07\ExceptionTask07.csproj", "{63122825-DD17-48EA-B632-E13EB250D42A}"
EndProject
Global
	GlobalSection(SolutionConfigurationPlatforms) = preSolution
		Debug|Any CPU = Debug|Any CPU
		Release|Any CPU = Release|Any CPU
	EndGlobalSection
	GlobalSection(ProjectConfigurationPlatforms) = postSolution
		{C95AF7D2-8B35-4106-B404-48FEC78B4EF3}.Debug|Any CPU.ActiveCfg = Debug|Any CPU
		{C95AF7D2-8B35-4106-B404-48FEC78B4EF3}.Debug|Any CPU.Build.0 = Debug|Any CPU
		{C95AF7D2-8B35-4106-B404-48FEC78B4EF3}.Release|Any CPU.ActiveCfg = Release|Any CPU
		{C95AF7D2-8B35-4106-B404-48FEC78B4EF3}.Release|Any CPU.Build.0 = Release|Any CPU
		{63122825-DD17-48EA-B632-E13EB250D42A}.Debug|Any CPU.ActiveCfg = Debug|Any CPU
		{63122825-DD17-48EA-B632-E13EB250D42A}.Debug|Any CPU.Build.0 = Debug|Any CPU
		{63122825-DD17-48EA-B632-E13EB250D42A}.Release|Any CPU.ActiveCfg = Release|Any CPU
		{63122825-DD17-48EA-B632-E13EB250D42A}.Release|Any CPU.Build.0 = Release|Any CPU
	EndGlobalSection
	GlobalSection(SolutionProperties) = preSolution
		HideSolutionNode = FALSE
	EndGlobalSection
	GlobalSection(ExtensibilityGlobals) = postSolution
		SolutionGuid = {72725612-AFD5-4FF7-BE2C-BC07B348171A}
	EndGlobalSection
EndGlobal
